
Microsoft Visual Studio Solution File, Format Version 12.00
# Visual Studio Version 16
VisualStudioVersion = 16.0.31129.286
MinimumVisualStudioVersion = 10.0.40219.1
Project("{9A19103F-16F7-4668-BE54-9A1E7A4F7556}") = "MyMediator", "src\MyMediator\MyMediator.csproj", "{DF315187-B8E5-45E8-B786-E7C9FB0B25A4}"
EndProject
Project("{9A19103F-16F7-4668-BE54-9A1E7A4F7556}") = "MyMediator.Sample", "test\MyMediator.Sample\MyMediator.Sample.csproj", "{206723DC-F8A6-4055-A5A1-ED08070A4C51}"
EndProject
Project("{FAE04EC0-301F-11D3-BF4B-00C04F79EFBC}") = "MyMediator.DependencyInjection", "src\MyMediator.DependencyInjection\MyMediator.DependencyInjection.csproj", "{B7E8E0D8-2F59-4F1C-A066-3B2A95E21C22}"
EndProject
Global
	GlobalSection(SolutionConfigurationPlatforms) = preSolution
		Debug|Any CPU = Debug|Any CPU
		Release|Any CPU = Release|Any CPU
	EndGlobalSection
	GlobalSection(ProjectConfigurationPlatforms) = postSolution
		{DF315187-B8E5-45E8-B786-E7C9FB0B25A4}.Debug|Any CPU.ActiveCfg = Debug|Any CPU
		{DF315187-B8E5-45E8-B786-E7C9FB0B25A4}.Debug|Any CPU.Build.0 = Debug|Any CPU
		{DF315187-B8E5-45E8-B786-E7C9FB0B25A4}.Release|Any CPU.ActiveCfg = Release|Any CPU
		{DF315187-B8E5-45E8-B786-E7C9FB0B25A4}.Release|Any CPU.Build.0 = Release|Any CPU
		{206723DC-F8A6-4055-A5A1-ED08070A4C51}.Debug|Any CPU.ActiveCfg = Debug|Any CPU
		{206723DC-F8A6-4055-A5A1-ED08070A4C51}.Debug|Any CPU.Build.0 = Debug|Any CPU
		{206723DC-F8A6-4055-A5A1-ED08070A4C51}.Release|Any CPU.ActiveCfg = Release|Any CPU
		{206723DC-F8A6-4055-A5A1-ED08070A4C51}.Release|Any CPU.Build.0 = Release|Any CPU
		{B7E8E0D8-2F59-4F1C-A066-3B2A95E21C22}.Debug|Any CPU.ActiveCfg = Debug|Any CPU
		{B7E8E0D8-2F59-4F1C-A066-3B2A95E21C22}.Debug|Any CPU.Build.0 = Debug|Any CPU
		{B7E8E0D8-2F59-4F1C-A066-3B2A95E21C22}.Release|Any CPU.ActiveCfg = Release|Any CPU
		{B7E8E0D8-2F59-4F1C-A066-3B2A95E21C22}.Release|Any CPU.Build.0 = Release|Any CPU
	EndGlobalSection
	GlobalSection(SolutionProperties) = preSolution
		HideSolutionNode = FALSE
	EndGlobalSection
	GlobalSection(ExtensibilityGlobals) = postSolution
		SolutionGuid = {FA0F38ED-2B44-4CDC-9542-C001D51194F5}
	EndGlobalSection
EndGlobal
